# Simple public/runtime dependency lock for CPython 3.12.14.\nannotated-doc==0.0.5\nannotated-types==0.8.0\nanyio==4.15.1\ncertifi==2026.7.22\ncffi==2.1.1\ncharset-normalizer==3.5.2\nclick==8.5.0\ncryptography==50.0.2\ndonfig==0.8.1.post1\nfastapi==0.141.1\ngoogle-auth==2.59.1\ngoogle-crc32c==1.9.0\nh11==0.16.0\nhttpcore==1.0.9\nhttpx==0.28.1\nidna==3.20\nmsgspec==0.22.0\nnumcodecs==0.17.0\nnumpy==2.5.3\nobstore==0.11.1\npackaging==26.3\npandas==3.0.6\npyasn1-modules==0.4.2\npyasn1==0.6.4\npycparser==3.0\npydantic-core==2.46.5\npydantic==2.13.5\npython-dateutil==2.9.0.post0\npyyaml==6.0.3\nrequests==2.34.2\nsix==1.17.0\nstarlette==1.6.0\ntyping-extensions==4.16.0\ntyping-inspection==0.4.4\nurllib3==2.8.0\nuvicorn==0.53.0\nxarray==2026.9.0\nzarr==3.4.0\n