# container-build-reproducibility-v1
# Production Python runtime dependency lock for CPython 3.12.14.
# WeatherNext BigQuery client is packaged but dormant without runtime-only credentials/config.
annotated-doc==0.0.5
annotated-types==0.8.0
anyio==4.15.1
certifi==2026.7.22
cffi==2.1.1
charset-normalizer==3.5.2
click==8.5.0
cryptography==50.0.2
fastapi==0.141.1
google-api-core==2.40.0
google-auth==2.59.1
google-cloud-bigquery==3.45.2
google-cloud-core==2.8.0
google-crc32c==1.9.0
google-resumable-media==2.11.0
googleapis-common-protos==1.75.5
grpcio==1.84.0
grpcio-status==1.84.0
h11==0.16.0
httpcore==1.0.9
httpx==0.28.1
idna==3.20
opentelemetry-api==1.45.0
packaging==26.3
pip==25.2
proto-plus==1.29.0
protobuf==7.36.2
pyasn1==0.6.4
pyasn1-modules==0.4.2
pycparser==3.0
pydantic==2.13.5
pydantic-core==2.46.5
python-dateutil==2.9.0.post0
requests==2.34.2
setuptools==80.9.0
six==1.17.0
starlette==1.6.0
typing-extensions==4.16.0
typing-inspection==0.4.4
urllib3==2.8.0
uvicorn==0.53.0
